// !$*UTF8*$!
{
	archiveVersion = 1;
	classes = {
	};
	objectVersion = 50;
	objects = {

/* Begin PBXBuildFile section */
		F39A62FA2351489600E28C58 /* AppDelegate.swift in Sources */ = {isa = PBXBuildFile; fileRef = F39A62F92351489600E28C58 /* AppDelegate.swift */; };
		F39A63032351489A00E28C58 /* Assets.xcassets in Resources */ = {isa = PBXBuildFile; fileRef = F39A63022351489A00E28C58 /* Assets.xcassets */; };
		F39A63062351489A00E28C58 /* LaunchScreen.storyboard in Resources */ = {isa = PBXBuildFile; fileRef = F39A63042351489A00E28C58 /* LaunchScreen.storyboard */; };
		F39A63262351602500E28C58 /* SearchPresenter.swift in Sources */ = {isa = PBXBuildFile; fileRef = F39A63202351602500E28C58 /* SearchPresenter.swift */; };
		F39A63272351602500E28C58 /* SearchWorker.swift in Sources */ = {isa = PBXBuildFile; fileRef = F39A63212351602500E28C58 /* SearchWorker.swift */; };
		F39A63282351602500E28C58 /* SearchRouter.swift in Sources */ = {isa = PBXBuildFile; fileRef = F39A63222351602500E28C58 /* SearchRouter.swift */; };
		F39A63292351602500E28C58 /* SearchModels.swift in Sources */ = {isa = PBXBuildFile; fileRef = F39A63232351602500E28C58 /* SearchModels.swift */; };
		F39A632A2351602500E28C58 /* SearchViewController.swift in Sources */ = {isa = PBXBuildFile; fileRef = F39A63242351602500E28C58 /* SearchViewController.swift */; };
		F39A632B2351602500E28C58 /* SearchInteractor.swift in Sources */ = {isa = PBXBuildFile; fileRef = F39A63252351602500E28C58 /* SearchInteractor.swift */; };
		F39A632E235160EB00E28C58 /* SearchViewController.xib in Resources */ = {isa = PBXBuildFile; fileRef = F39A632D235160EB00E28C58 /* SearchViewController.xib */; };
		F39A63362352179300E28C58 /* SearchInteractorTests.swift in Sources */ = {isa = PBXBuildFile; fileRef = F39A63322352179300E28C58 /* SearchInteractorTests.swift */; };
		F39A63372352179300E28C58 /* SearchWorkerTests.swift in Sources */ = {isa = PBXBuildFile; fileRef = F39A63332352179300E28C58 /* SearchWorkerTests.swift */; };
		F39A63382352179300E28C58 /* SearchPresenterTests.swift in Sources */ = {isa = PBXBuildFile; fileRef = F39A63342352179300E28C58 /* SearchPresenterTests.swift */; };
		F39A633B235218B700E28C58 /* get_search_200.json in Resources */ = {isa = PBXBuildFile; fileRef = F39A633A235218B700E28C58 /* get_search_200.json */; };
		F39A633D2352195000E28C58 /* get_search_400.json in Resources */ = {isa = PBXBuildFile; fileRef = F39A633C2352195000E28C58 /* get_search_400.json */; };
		F39A634123521AB000E28C58 /* Result.swift in Sources */ = {isa = PBXBuildFile; fileRef = F39A634023521AB000E28C58 /* Result.swift */; };
		F39A634423521C2000E28C58 /* Artist.swift in Sources */ = {isa = PBXBuildFile; fileRef = F39A634323521C2000E28C58 /* Artist.swift */; };
		F39A634723522EAD00E28C58 /* MockURLProtocol.swift in Sources */ = {isa = PBXBuildFile; fileRef = F39A634623522EAD00E28C58 /* MockURLProtocol.swift */; };
		F39A634923522ED900E28C58 /* FredericAPI.swift in Sources */ = {isa = PBXBuildFile; fileRef = F39A634823522ED900E28C58 /* FredericAPI.swift */; };
		F39A634B23522F9400E28C58 /* API.plist in Resources */ = {isa = PBXBuildFile; fileRef = F39A634A23522F9400E28C58 /* API.plist */; };
		F39A634D2352332600E28C58 /* FredericError.swift in Sources */ = {isa = PBXBuildFile; fileRef = F39A634C2352332600E28C58 /* FredericError.swift */; };
/* End PBXBuildFile section */

/* Begin PBXContainerItemProxy section */
		F39A630D2351489A00E28C58 /* PBXContainerItemProxy */ = {
			isa = PBXContainerItemProxy;
			containerPortal = F39A62EE2351489600E28C58 /* Project object */;
			proxyType = 1;
			remoteGlobalIDString = F39A62F52351489600E28C58;
			remoteInfo = Frederic;
		};
/* End PBXContainerItemProxy section */

/* Begin PBXFileReference section */
		F39A62F62351489600E28C58 /* Frederic.app */ = {isa = PBXFileReference; explicitFileType = wrapper.application; includeInIndex = 0; path = Frederic.app; sourceTree = BUILT_PRODUCTS_DIR; };
		F39A62F92351489600E28C58 /* AppDelegate.swift */ = {isa = PBXFileReference; lastKnownFileType = sourcecode.swift; path = AppDelegate.swift; sourceTree = "<group>"; };
		F39A63022351489A00E28C58 /* Assets.xcassets */ = {isa = PBXFileReference; lastKnownFileType = folder.assetcatalog; path = Assets.xcassets; sourceTree = "<group>"; };
		F39A63052351489A00E28C58 /* Base */ = {isa = PBXFileReference; lastKnownFileType = file.storyboard; name = Base; path = Base.lproj/LaunchScreen.storyboard; sourceTree = "<group>"; };
		F39A63072351489A00E28C58 /* Info.plist */ = {isa = PBXFileReference; lastKnownFileType = text.plist.xml; path = Info.plist; sourceTree = "<group>"; };
		F39A630C2351489A00E28C58 /* FredericTests.xctest */ = {isa = PBXFileReference; explicitFileType = wrapper.cfbundle; includeInIndex = 0; path = FredericTests.xctest; sourceTree = BUILT_PRODUCTS_DIR; };
		F39A63122351489A00E28C58 /* Info.plist */ = {isa = PBXFileReference; lastKnownFileType = text.plist.xml; path = Info.plist; sourceTree = "<group>"; };
		F39A63202351602500E28C58 /* SearchPresenter.swift */ = {isa = PBXFileReference; lastKnownFileType = sourcecode.swift; path = SearchPresenter.swift; sourceTree = "<group>"; };
		F39A63212351602500E28C58 /* SearchWorker.swift */ = {isa = PBXFileReference; lastKnownFileType = sourcecode.swift; path = SearchWorker.swift; sourceTree = "<group>"; };
		F39A63222351602500E28C58 /* SearchRouter.swift */ = {isa = PBXFileReference; lastKnownFileType = sourcecode.swift; path = SearchRouter.swift; sourceTree = "<group>"; };
		F39A63232351602500E28C58 /* SearchModels.swift */ = {isa = PBXFileReference; lastKnownFileType = sourcecode.swift; path = SearchModels.swift; sourceTree = "<group>"; };
		F39A63242351602500E28C58 /* SearchViewController.swift */ = {isa = PBXFileReference; lastKnownFileType = sourcecode.swift; path = SearchViewController.swift; sourceTree = "<group>"; };
		F39A63252351602500E28C58 /* SearchInteractor.swift */ = {isa = PBXFileReference; lastKnownFileType = sourcecode.swift; path = SearchInteractor.swift; sourceTree = "<group>"; };
		F39A632D235160EB00E28C58 /* SearchViewController.xib */ = {isa = PBXFileReference; lastKnownFileType = file.xib; path = SearchViewController.xib; sourceTree = "<group>"; };
		F39A63322352179300E28C58 /* SearchInteractorTests.swift */ = {isa = PBXFileReference; lastKnownFileType = sourcecode.swift; path = SearchInteractorTests.swift; sourceTree = "<group>"; };
		F39A63332352179300E28C58 /* SearchWorkerTests.swift */ = {isa = PBXFileReference; lastKnownFileType = sourcecode.swift; path = SearchWorkerTests.swift; sourceTree = "<group>"; };
		F39A63342352179300E28C58 /* SearchPresenterTests.swift */ = {isa = PBXFileReference; lastKnownFileType = sourcecode.swift; path = SearchPresenterTests.swift; sourceTree = "<group>"; };
		F39A633A235218B700E28C58 /* get_search_200.json */ = {isa = PBXFileReference; lastKnownFileType = text.json; path = get_search_200.json; sourceTree = "<group>"; };
		F39A633C2352195000E28C58 /* get_search_400.json */ = {isa = PBXFileReference; lastKnownFileType = text.json; path = get_search_400.json; sourceTree = "<group>"; };
		F39A634023521AB000E28C58 /* Result.swift */ = {isa = PBXFileReference; lastKnownFileType = sourcecode.swift; path = Result.swift; sourceTree = "<group>"; };
		F39A634323521C2000E28C58 /* Artist.swift */ = {isa = PBXFileReference; lastKnownFileType = sourcecode.swift; path = Artist.swift; sourceTree = "<group>"; };
		F39A634623522EAD00E28C58 /* MockURLProtocol.swift */ = {isa = PBXFileReference; lastKnownFileType = sourcecode.swift; path = MockURLProtocol.swift; sourceTree = "<group>"; };
		F39A634823522ED900E28C58 /* FredericAPI.swift */ = {isa = PBXFileReference; lastKnownFileType = sourcecode.swift; path = FredericAPI.swift; sourceTree = "<group>"; };
		F39A634A23522F9400E28C58 /* API.plist */ = {isa = PBXFileReference; lastKnownFileType = text.plist.xml; name = API.plist; path = ../API.plist; sourceTree = "<group>"; };
		F39A634C2352332600E28C58 /* FredericError.swift */ = {isa = PBXFileReference; lastKnownFileType = sourcecode.swift; path = FredericError.swift; sourceTree = "<group>"; };
/* End PBXFileReference section */

/* Begin PBXFrameworksBuildPhase section */
		F39A62F32351489600E28C58 /* Frameworks */ = {
			isa = PBXFrameworksBuildPhase;
			buildActionMask = 2147483647;
			files = (
			);
			runOnlyForDeploymentPostprocessing = 0;
		};
		F39A63092351489A00E28C58 /* Frameworks */ = {
			isa = PBXFrameworksBuildPhase;
			buildActionMask = 2147483647;
			files = (
			);
			runOnlyForDeploymentPostprocessing = 0;
		};
/* End PBXFrameworksBuildPhase section */

/* Begin PBXGroup section */
		F39A62ED2351489600E28C58 = {
			isa = PBXGroup;
			children = (
				F39A62F82351489600E28C58 /* Frederic */,
				F39A630F2351489A00E28C58 /* FredericTests */,
				F39A62F72351489600E28C58 /* Products */,
			);
			sourceTree = "<group>";
		};
		F39A62F72351489600E28C58 /* Products */ = {
			isa = PBXGroup;
			children = (
				F39A62F62351489600E28C58 /* Frederic.app */,
				F39A630C2351489A00E28C58 /* FredericTests.xctest */,
			);
			name = Products;
			sourceTree = "<group>";
		};
		F39A62F82351489600E28C58 /* Frederic */ = {
			isa = PBXGroup;
			children = (
				F39A634223521C0700E28C58 /* Models */,
				F39A633F235219F600E28C58 /* Networking */,
				F39A633E235219D800E28C58 /* Resources */,
				F39A631E2351594F00E28C58 /* Features */,
				F39A62F92351489600E28C58 /* AppDelegate.swift */,
				F39A63072351489A00E28C58 /* Info.plist */,
			);
			path = Frederic;
			sourceTree = "<group>";
		};
		F39A630F2351489A00E28C58 /* FredericTests */ = {
			isa = PBXGroup;
			children = (
				F39A634523522EA200E28C58 /* Utils */,
				F39A63392352188200E28C58 /* Resources */,
				F39A632F2352177D00E28C58 /* Features */,
				F39A63122351489A00E28C58 /* Info.plist */,
			);
			path = FredericTests;
			sourceTree = "<group>";
		};
		F39A631E2351594F00E28C58 /* Features */ = {
			isa = PBXGroup;
			children = (
				F39A631F2351595A00E28C58 /* Search */,
			);
			path = Features;
			sourceTree = "<group>";
		};
		F39A631F2351595A00E28C58 /* Search */ = {
			isa = PBXGroup;
			children = (
				F39A632C235160C600E28C58 /* Views */,
				F39A63202351602500E28C58 /* SearchPresenter.swift */,
				F39A63212351602500E28C58 /* SearchWorker.swift */,
				F39A63222351602500E28C58 /* SearchRouter.swift */,
				F39A63232351602500E28C58 /* SearchModels.swift */,
				F39A63242351602500E28C58 /* SearchViewController.swift */,
				F39A63252351602500E28C58 /* SearchInteractor.swift */,
				F39A632D235160EB00E28C58 /* SearchViewController.xib */,
			);
			path = Search;
			sourceTree = "<group>";
		};
		F39A632C235160C600E28C58 /* Views */ = {
			isa = PBXGroup;
			children = (
			);
			path = Views;
			sourceTree = "<group>";
		};
		F39A632F2352177D00E28C58 /* Features */ = {
			isa = PBXGroup;
			children = (
				F39A63302352178200E28C58 /* Search */,
			);
			path = Features;
			sourceTree = "<group>";
		};
		F39A63302352178200E28C58 /* Search */ = {
			isa = PBXGroup;
			children = (
				F39A63322352179300E28C58 /* SearchInteractorTests.swift */,
				F39A63332352179300E28C58 /* SearchWorkerTests.swift */,
				F39A63342352179300E28C58 /* SearchPresenterTests.swift */,
			);
			path = Search;
			sourceTree = "<group>";
		};
		F39A63392352188200E28C58 /* Resources */ = {
			isa = PBXGroup;
			children = (
				F39A633A235218B700E28C58 /* get_search_200.json */,
				F39A633C2352195000E28C58 /* get_search_400.json */,
			);
			path = Resources;
			sourceTree = "<group>";
		};
		F39A633E235219D800E28C58 /* Resources */ = {
			isa = PBXGroup;
			children = (
				F39A63022351489A00E28C58 /* Assets.xcassets */,
				F39A63042351489A00E28C58 /* LaunchScreen.storyboard */,
			);
			path = Resources;
			sourceTree = "<group>";
		};
		F39A633F235219F600E28C58 /* Networking */ = {
			isa = PBXGroup;
			children = (
				F39A634A23522F9400E28C58 /* API.plist */,
				F39A634023521AB000E28C58 /* Result.swift */,
				F39A634823522ED900E28C58 /* FredericAPI.swift */,
				F39A634C2352332600E28C58 /* FredericError.swift */,
			);
			path = Networking;
			sourceTree = "<group>";
		};
		F39A634223521C0700E28C58 /* Models */ = {
			isa = PBXGroup;
			children = (
				F39A634323521C2000E28C58 /* Artist.swift */,
			);
			path = Models;
			sourceTree = "<group>";
		};
		F39A634523522EA200E28C58 /* Utils */ = {
			isa = PBXGroup;
			children = (
				F39A634623522EAD00E28C58 /* MockURLProtocol.swift */,
			);
			path = Utils;
			sourceTree = "<group>";
		};
/* End PBXGroup section */

/* Begin PBXNativeTarget section */
		F39A62F52351489600E28C58 /* Frederic */ = {
			isa = PBXNativeTarget;
			buildConfigurationList = F39A63152351489A00E28C58 /* Build configuration list for PBXNativeTarget "Frederic" */;
			buildPhases = (
				F39A62F22351489600E28C58 /* Sources */,
				F39A62F32351489600E28C58 /* Frameworks */,
				F39A62F42351489600E28C58 /* Resources */,
				F39A631B235151DE00E28C58 /* Swiftlint */,
			);
			buildRules = (
			);
			dependencies = (
			);
			name = Frederic;
			productName = Frederic;
			productReference = F39A62F62351489600E28C58 /* Frederic.app */;
			productType = "com.apple.product-type.application";
		};
		F39A630B2351489A00E28C58 /* FredericTests */ = {
			isa = PBXNativeTarget;
			buildConfigurationList = F39A63182351489A00E28C58 /* Build configuration list for PBXNativeTarget "FredericTests" */;
			buildPhases = (
				F39A63082351489A00E28C58 /* Sources */,
				F39A63092351489A00E28C58 /* Frameworks */,
				F39A630A2351489A00E28C58 /* Resources */,
			);
			buildRules = (
			);
			dependencies = (
				F39A630E2351489A00E28C58 /* PBXTargetDependency */,
			);
			name = FredericTests;
			productName = FredericTests;
			productReference = F39A630C2351489A00E28C58 /* FredericTests.xctest */;
			productType = "com.apple.product-type.bundle.unit-test";
		};
/* End PBXNativeTarget section */

/* Begin PBXProject section */
		F39A62EE2351489600E28C58 /* Project object */ = {
			isa = PBXProject;
			attributes = {
				LastSwiftUpdateCheck = 1110;
				LastUpgradeCheck = 1110;
				ORGANIZATIONNAME = "Carlos Jimenez";
				TargetAttributes = {
					F39A62F52351489600E28C58 = {
						CreatedOnToolsVersion = 11.1;
					};
					F39A630B2351489A00E28C58 = {
						CreatedOnToolsVersion = 11.1;
						TestTargetID = F39A62F52351489600E28C58;
					};
				};
			};
			buildConfigurationList = F39A62F12351489600E28C58 /* Build configuration list for PBXProject "Frederic" */;
			compatibilityVersion = "Xcode 9.3";
			developmentRegion = en;
			hasScannedForEncodings = 0;
			knownRegions = (
				en,
				Base,
			);
			mainGroup = F39A62ED2351489600E28C58;
			productRefGroup = F39A62F72351489600E28C58 /* Products */;
			projectDirPath = "";
			projectRoot = "";
			targets = (
				F39A62F52351489600E28C58 /* Frederic */,
				F39A630B2351489A00E28C58 /* FredericTests */,
			);
		};
/* End PBXProject section */

/* Begin PBXResourcesBuildPhase section */
		F39A62F42351489600E28C58 /* Resources */ = {
			isa = PBXResourcesBuildPhase;
			buildActionMask = 2147483647;
			files = (
				F39A63062351489A00E28C58 /* LaunchScreen.storyboard in Resources */,
				F39A634B23522F9400E28C58 /* API.plist in Resources */,
				F39A63032351489A00E28C58 /* Assets.xcassets in Resources */,
				F39A632E235160EB00E28C58 /* SearchViewController.xib in Resources */,
			);
			runOnlyForDeploymentPostprocessing = 0;
		};
		F39A630A2351489A00E28C58 /* Resources */ = {
			isa = PBXResourcesBuildPhase;
			buildActionMask = 2147483647;
			files = (
				F39A633B235218B700E28C58 /* get_search_200.json in Resources */,
				F39A633D2352195000E28C58 /* get_search_400.json in Resources */,
			);
			runOnlyForDeploymentPostprocessing = 0;
		};
/* End PBXResourcesBuildPhase section */

/* Begin PBXShellScriptBuildPhase section */
		F39A631B235151DE00E28C58 /* Swiftlint */ = {
			isa = PBXShellScriptBuildPhase;
			buildActionMask = 2147483647;
			files = (
			);
			inputFileListPaths = (
			);
			inputPaths = (
			);
			name = Swiftlint;
			outputFileListPaths = (
			);
			outputPaths = (
			);
			runOnlyForDeploymentPostprocessing = 0;
			shellPath = /bin/sh;
			shellScript = "if which swiftlint >/dev/null; then\n  swiftlint\nelse\n  echo \"warning: SwiftLint not installed, download from https://github.com/realm/SwiftLint\"\nfi\n";
		};
/* End PBXShellScriptBuildPhase section */

/* Begin PBXSourcesBuildPhase section */
		F39A62F22351489600E28C58 /* Sources */ = {
			isa = PBXSourcesBuildPhase;
			buildActionMask = 2147483647;
			files = (
				F39A634923522ED900E28C58 /* FredericAPI.swift in Sources */,
				F39A632A2351602500E28C58 /* SearchViewController.swift in Sources */,
				F39A63282351602500E28C58 /* SearchRouter.swift in Sources */,
				F39A63262351602500E28C58 /* SearchPresenter.swift in Sources */,
				F39A634423521C2000E28C58 /* Artist.swift in Sources */,
				F39A62FA2351489600E28C58 /* AppDelegate.swift in Sources */,
				F39A63272351602500E28C58 /* SearchWorker.swift in Sources */,
				F39A634D2352332600E28C58 /* FredericError.swift in Sources */,
				F39A63292351602500E28C58 /* SearchModels.swift in Sources */,
				F39A634123521AB000E28C58 /* Result.swift in Sources */,
				F39A632B2351602500E28C58 /* SearchInteractor.swift in Sources */,
			);
			runOnlyForDeploymentPostprocessing = 0;
		};
		F39A63082351489A00E28C58 /* Sources */ = {
			isa = PBXSourcesBuildPhase;
			buildActionMask = 2147483647;
			files = (
				F39A63382352179300E28C58 /* SearchPresenterTests.swift in Sources */,
				F39A63372352179300E28C58 /* SearchWorkerTests.swift in Sources */,
				F39A63362352179300E28C58 /* SearchInteractorTests.swift in Sources */,
				F39A634723522EAD00E28C58 /* MockURLProtocol.swift in Sources */,
			);
			runOnlyForDeploymentPostprocessing = 0;
		};
/* End PBXSourcesBuildPhase section */

/* Begin PBXTargetDependency section */
		F39A630E2351489A00E28C58 /* PBXTargetDependency */ = {
			isa = PBXTargetDependency;
			target = F39A62F52351489600E28C58 /* Frederic */;
			targetProxy = F39A630D2351489A00E28C58 /* PBXContainerItemProxy */;
		};
/* End PBXTargetDependency section */

/* Begin PBXVariantGroup section */
		F39A63042351489A00E28C58 /* LaunchScreen.storyboard */ = {
			isa = PBXVariantGroup;
			children = (
				F39A63052351489A00E28C58 /* Base */,
			);
			name = LaunchScreen.storyboard;
			sourceTree = "<group>";
		};
/* End PBXVariantGroup section */

/* Begin XCBuildConfiguration section */
		F39A63132351489A00E28C58 /* Debug */ = {
			isa = XCBuildConfiguration;
			buildSettings = {
				ALWAYS_SEARCH_USER_PATHS = NO;
				CLANG_ANALYZER_NONNULL = YES;
				CLANG_ANALYZER_NUMBER_OBJECT_CONVERSION = YES_AGGRESSIVE;
				CLANG_CXX_LANGUAGE_STANDARD = "gnu++14";
				CLANG_CXX_LIBRARY = "libc++";
				CLANG_ENABLE_MODULES = YES;
				CLANG_ENABLE_OBJC_ARC = YES;
				CLANG_ENABLE_OBJC_WEAK = YES;
				CLANG_WARN_BLOCK_CAPTURE_AUTORELEASING = YES;
				CLANG_WARN_BOOL_CONVERSION = YES;
				CLANG_WARN_COMMA = YES;
				CLANG_WARN_CONSTANT_CONVERSION = YES;
				CLANG_WARN_DEPRECATED_OBJC_IMPLEMENTATIONS = YES;
				CLANG_WARN_DIRECT_OBJC_ISA_USAGE = YES_ERROR;
				CLANG_WARN_DOCUMENTATION_COMMENTS = YES;
				CLANG_WARN_EMPTY_BODY = YES;
				CLANG_WARN_ENUM_CONVERSION = YES;
				CLANG_WARN_INFINITE_RECURSION = YES;
				CLANG_WARN_INT_CONVERSION = YES;
				CLANG_WARN_NON_LITERAL_NULL_CONVERSION = YES;
				CLANG_WARN_OBJC_IMPLICIT_RETAIN_SELF = YES;
				CLANG_WARN_OBJC_LITERAL_CONVERSION = YES;
				CLANG_WARN_OBJC_ROOT_CLASS = YES_ERROR;
				CLANG_WARN_RANGE_LOOP_ANALYSIS = YES;
				CLANG_WARN_STRICT_PROTOTYPES = YES;
				CLANG_WARN_SUSPICIOUS_MOVE = YES;
				CLANG_WARN_UNGUARDED_AVAILABILITY = YES_AGGRESSIVE;
				CLANG_WARN_UNREACHABLE_CODE = YES;
				CLANG_WARN__DUPLICATE_METHOD_MATCH = YES;
				COPY_PHASE_STRIP = NO;
				DEBUG_INFORMATION_FORMAT = dwarf;
				ENABLE_STRICT_OBJC_MSGSEND = YES;
				ENABLE_TESTABILITY = YES;
				GCC_C_LANGUAGE_STANDARD = gnu11;
				GCC_DYNAMIC_NO_PIC = NO;
				GCC_NO_COMMON_BLOCKS = YES;
				GCC_OPTIMIZATION_LEVEL = 0;
				GCC_PREPROCESSOR_DEFINITIONS = (
					"DEBUG=1",
					"$(inherited)",
				);
				GCC_WARN_64_TO_32_BIT_CONVERSION = YES;
				GCC_WARN_ABOUT_RETURN_TYPE = YES_ERROR;
				GCC_WARN_UNDECLARED_SELECTOR = YES;
				GCC_WARN_UNINITIALIZED_AUTOS = YES_AGGRESSIVE;
				GCC_WARN_UNUSED_FUNCTION = YES;
				GCC_WARN_UNUSED_VARIABLE = YES;
				IPHONEOS_DEPLOYMENT_TARGET = 11.4;
				MTL_ENABLE_DEBUG_INFO = INCLUDE_SOURCE;
				MTL_FAST_MATH = YES;
				ONLY_ACTIVE_ARCH = YES;
				SDKROOT = iphoneos;
				SWIFT_ACTIVE_COMPILATION_CONDITIONS = DEBUG;
				SWIFT_OPTIMIZATION_LEVEL = "-Onone";
			};
			name = Debug;
		};
		F39A63142351489A00E28C58 /* Release */ = {
			isa = XCBuildConfiguration;
			buildSettings = {
				ALWAYS_SEARCH_USER_PATHS = NO;
				CLANG_ANALYZER_NONNULL = YES;
				CLANG_ANALYZER_NUMBER_OBJECT_CONVERSION = YES_AGGRESSIVE;
				CLANG_CXX_LANGUAGE_STANDARD = "gnu++14";
				CLANG_CXX_LIBRARY = "libc++";
				CLANG_ENABLE_MODULES = YES;
				CLANG_ENABLE_OBJC_ARC = YES;
				CLANG_ENABLE_OBJC_WEAK = YES;
				CLANG_WARN_BLOCK_CAPTURE_AUTORELEASING = YES;
				CLANG_WARN_BOOL_CONVERSION = YES;
				CLANG_WARN_COMMA = YES;
				CLANG_WARN_CONSTANT_CONVERSION = YES;
				CLANG_WARN_DEPRECATED_OBJC_IMPLEMENTATIONS = YES;
				CLANG_WARN_DIRECT_OBJC_ISA_USAGE = YES_ERROR;
				CLANG_WARN_DOCUMENTATION_COMMENTS = YES;
				CLANG_WARN_EMPTY_BODY = YES;
				CLANG_WARN_ENUM_CONVERSION = YES;
				CLANG_WARN_INFINITE_RECURSION = YES;
				CLANG_WARN_INT_CONVERSION = YES;
				CLANG_WARN_NON_LITERAL_NULL_CONVERSION = YES;
				CLANG_WARN_OBJC_IMPLICIT_RETAIN_SELF = YES;
				CLANG_WARN_OBJC_LITERAL_CONVERSION = YES;
				CLANG_WARN_OBJC_ROOT_CLASS = YES_ERROR;
				CLANG_WARN_RANGE_LOOP_ANALYSIS = YES;
				CLANG_WARN_STRICT_PROTOTYPES = YES;
				CLANG_WARN_SUSPICIOUS_MOVE = YES;
				CLANG_WARN_UNGUARDED_AVAILABILITY = YES_AGGRESSIVE;
				CLANG_WARN_UNREACHABLE_CODE = YES;
				CLANG_WARN__DUPLICATE_METHOD_MATCH = YES;
				COPY_PHASE_STRIP = NO;
				DEBUG_INFORMATION_FORMAT = "dwarf-with-dsym";
				ENABLE_NS_ASSERTIONS = NO;
				ENABLE_STRICT_OBJC_MSGSEND = YES;
				GCC_C_LANGUAGE_STANDARD = gnu11;
				GCC_NO_COMMON_BLOCKS = YES;
				GCC_WARN_64_TO_32_BIT_CONVERSION = YES;
				GCC_WARN_ABOUT_RETURN_TYPE = YES_ERROR;
				GCC_WARN_UNDECLARED_SELECTOR = YES;
				GCC_WARN_UNINITIALIZED_AUTOS = YES_AGGRESSIVE;
				GCC_WARN_UNUSED_FUNCTION = YES;
				GCC_WARN_UNUSED_VARIABLE = YES;
				IPHONEOS_DEPLOYMENT_TARGET = 11.4;
				MTL_ENABLE_DEBUG_INFO = NO;
				MTL_FAST_MATH = YES;
				SDKROOT = iphoneos;
				SWIFT_COMPILATION_MODE = wholemodule;
				SWIFT_OPTIMIZATION_LEVEL = "-O";
				VALIDATE_PRODUCT = YES;
			};
			name = Release;
		};
		F39A63162351489A00E28C58 /* Debug */ = {
			isa = XCBuildConfiguration;
			buildSettings = {
				ASSETCATALOG_COMPILER_APPICON_NAME = AppIcon;
				CODE_SIGN_STYLE = Automatic;
				INFOPLIST_FILE = Frederic/Info.plist;
				LD_RUNPATH_SEARCH_PATHS = (
					"$(inherited)",
					"@executable_path/Frameworks",
				);
				PRODUCT_BUNDLE_IDENTIFIER = carlos.polar.Frederic;
				PRODUCT_NAME = "$(TARGET_NAME)";
				SWIFT_VERSION = 5.0;
				TARGETED_DEVICE_FAMILY = 1;
			};
			name = Debug;
		};
		F39A63172351489A00E28C58 /* Release */ = {
			isa = XCBuildConfiguration;
			buildSettings = {
				ASSETCATALOG_COMPILER_APPICON_NAME = AppIcon;
				CODE_SIGN_STYLE = Automatic;
				INFOPLIST_FILE = Frederic/Info.plist;
				LD_RUNPATH_SEARCH_PATHS = (
					"$(inherited)",
					"@executable_path/Frameworks",
				);
				PRODUCT_BUNDLE_IDENTIFIER = carlos.polar.Frederic;
				PRODUCT_NAME = "$(TARGET_NAME)";
				SWIFT_VERSION = 5.0;
				TARGETED_DEVICE_FAMILY = 1;
			};
			name = Release;
		};
		F39A63192351489A00E28C58 /* Debug */ = {
			isa = XCBuildConfiguration;
			buildSettings = {
				ALWAYS_EMBED_SWIFT_STANDARD_LIBRARIES = YES;
				BUNDLE_LOADER = "$(TEST_HOST)";
				CODE_SIGN_STYLE = Automatic;
				INFOPLIST_FILE = FredericTests/Info.plist;
				IPHONEOS_DEPLOYMENT_TARGET = 13.1;
				LD_RUNPATH_SEARCH_PATHS = (
					"$(inherited)",
					"@executable_path/Frameworks",
					"@loader_path/Frameworks",
				);
				PRODUCT_BUNDLE_IDENTIFIER = carlos.polar.FredericTests;
				PRODUCT_NAME = "$(TARGET_NAME)";
				SWIFT_VERSION = 5.0;
				TARGETED_DEVICE_FAMILY = "1,2";
				TEST_HOST = "$(BUILT_PRODUCTS_DIR)/Frederic.app/Frederic";
			};
			name = Debug;
		};
		F39A631A2351489A00E28C58 /* Release */ = {
			isa = XCBuildConfiguration;
			buildSettings = {
				ALWAYS_EMBED_SWIFT_STANDARD_LIBRARIES = YES;
				BUNDLE_LOADER = "$(TEST_HOST)";
				CODE_SIGN_STYLE = Automatic;
				INFOPLIST_FILE = FredericTests/Info.plist;
				IPHONEOS_DEPLOYMENT_TARGET = 13.1;
				LD_RUNPATH_SEARCH_PATHS = (
					"$(inherited)",
					"@executable_path/Frameworks",
					"@loader_path/Frameworks",
				);
				PRODUCT_BUNDLE_IDENTIFIER = carlos.polar.FredericTests;
				PRODUCT_NAME = "$(TARGET_NAME)";
				SWIFT_VERSION = 5.0;
				TARGETED_DEVICE_FAMILY = "1,2";
				TEST_HOST = "$(BUILT_PRODUCTS_DIR)/Frederic.app/Frederic";
			};
			name = Release;
		};
/* End XCBuildConfiguration section */

/* Begin XCConfigurationList section */
		F39A62F12351489600E28C58 /* Build configuration list for PBXProject "Frederic" */ = {
			isa = XCConfigurationList;
			buildConfigurations = (
				F39A63132351489A00E28C58 /* Debug */,
				F39A63142351489A00E28C58 /* Release */,
			);
			defaultConfigurationIsVisible = 0;
			defaultConfigurationName = Release;
		};
		F39A63152351489A00E28C58 /* Build configuration list for PBXNativeTarget "Frederic" */ = {
			isa = XCConfigurationList;
			buildConfigurations = (
				F39A63162351489A00E28C58 /* Debug */,
				F39A63172351489A00E28C58 /* Release */,
			);
			defaultConfigurationIsVisible = 0;
			defaultConfigurationName = Release;
		};
		F39A63182351489A00E28C58 /* Build configuration list for PBXNativeTarget "FredericTests" */ = {
			isa = XCConfigurationList;
			buildConfigurations = (
				F39A63192351489A00E28C58 /* Debug */,
				F39A631A2351489A00E28C58 /* Release */,
			);
			defaultConfigurationIsVisible = 0;
			defaultConfigurationName = Release;
		};
/* End XCConfigurationList section */
	};
	rootObject = F39A62EE2351489600E28C58 /* Project object */;
}
